
Microsoft Visual Studio Solution File, Format Version 12.00
# Visual Studio Version 16
VisualStudioVersion = 16.0.31410.357
MinimumVisualStudioVersion = 10.0.40219.1
Project("{FAE04EC0-301F-11D3-BF4B-00C04F79EFBC}") = "LinQ", "LinQ\LinQ.csproj", "{AB4FF488-E458-4CBF-9B9C-4D52C0910E0A}"
EndProject
Global
	GlobalSection(SolutionConfigurationPlatforms) = preSolution
		Debug|Any CPU = Debug|Any CPU
		Release|Any CPU = Release|Any CPU
	EndGlobalSection
	GlobalSection(ProjectConfigurationPlatforms) = postSolution
		{AB4FF488-E458-4CBF-9B9C-4D52C0910E0A}.Debug|Any CPU.ActiveCfg = Debug|Any CPU
		{AB4FF488-E458-4CBF-9B9C-4D52C0910E0A}.Debug|Any CPU.Build.0 = Debug|Any CPU
		{AB4FF488-E458-4CBF-9B9C-4D52C0910E0A}.Release|Any CPU.ActiveCfg = Release|Any CPU
		{AB4FF488-E458-4CBF-9B9C-4D52C0910E0A}.Release|Any CPU.Build.0 = Release|Any CPU
	EndGlobalSection
	GlobalSection(SolutionProperties) = preSolution
		HideSolutionNode = FALSE
	EndGlobalSection
	GlobalSection(ExtensibilityGlobals) = postSolution
		SolutionGuid = {139A965A-7115-4174-8649-9C89980F60FB}
	EndGlobalSection
EndGlobal
